{
    "name": "pop-theme",
    "version": "0.0.1",
    "lockfileVersion": 2,
    "requires": true,
    "packages": {
        "": {
            "version": "0.0.1",
            "license": "MIT",
            "devDependencies": {
                "vsce": "^1.87.0"
            },
            "engines": {
                "vscode": "^1.53.0"
            }
        },
        "node_modules/ansi-styles": {
            "version": "3.2.1",
            "dev": true,
            "license": "MIT",
            "dependencies": {
                "color-convert": "^1.9.0"
            },
            "engines": {
                "node": ">=4"
            }
        },
        "node_modules/argparse": {
            "version": "1.0.10",
            "dev": true,
            "license": "MIT",
            "dependencies": {
                "sprintf-js": "~1.0.2"
            }
        },
        "node_modules/azure-devops-node-api": {
            "version": "7.2.0",
            "dev": true,
            "license": "MIT",
            "dependencies": {
                "os": "0.1.1",
                "tunnel": "0.0.4",
                "typed-rest-client": "1.2.0",
                "underscore": "1.8.3"
            }
        },
        "node_modules/balanced-match": {
            "version": "1.0.0",
            "dev": true,
            "license": "MIT"
        },
        "node_modules/boolbase": {
            "version": "1.0.0",
            "dev": true,
            "license": "ISC"
        },
        "node_modules/brace-expansion": {
            "version": "1.1.11",
            "dev": true,
            "license": "MIT",
            "dependencies": {
                "balanced-match": "^1.0.0",
                "concat-map": "0.0.1"
            }
        },
        "node_modules/buffer-crc32": {
            "version": "0.2.13",
            "dev": true,
            "license": "MIT",
            "engines": {
                "node": "*"
            }
        },
        "node_modules/chalk": {
            "version": "2.4.2",
            "dev": true,
            "license": "MIT",
            "dependencies": {
                "ansi-styles": "^3.2.1",
                "escape-string-regexp": "^1.0.5",
                "supports-color": "^5.3.0"
            },
            "engines": {
                "node": ">=4"
            }
        },
        "node_modules/cheerio": {
            "version": "1.0.0-rc.5",
            "dev": true,
            "license": "MIT",
            "dependencies": {
                "cheerio-select-tmp": "^0.1.0",
                "dom-serializer": "~1.2.0",
                "domhandler": "^4.0.0",
                "entities": "~2.1.0",
                "htmlparser2": "^6.0.0",
                "parse5": "^6.0.0",
                "parse5-htmlparser2-tree-adapter": "^6.0.0"
            },
            "engines": {
                "node": ">= 0.12"
            }
        },
        "node_modules/cheerio-select-tmp": {
            "version": "0.1.1",
            "dev": true,
            "license": "BSD-2-Clause",
            "dependencies": {
                "css-select": "^3.1.2",
                "css-what": "^4.0.0",
                "domelementtype": "^2.1.0",
                "domhandler": "^4.0.0",
                "domutils": "^2.4.4"
            },
            "funding": {
                "url": "https://github.com/sponsors/fb55"
            }
        },
        "node_modules/cheerio/node_modules/entities": {
            "version": "2.1.0",
            "dev": true,
            "license": "BSD-2-Clause",
            "funding": {
                "url": "https://github.com/fb55/entities?sponsor=1"
            }
        },
        "node_modules/color-convert": {
            "version": "1.9.3",
            "dev": true,
            "license": "MIT",
            "dependencies": {
                "color-name": "1.1.3"
            }
        },
        "node_modules/color-name": {
            "version": "1.1.3",
            "dev": true,
            "license": "MIT"
        },
        "node_modules/commander": {
            "version": "6.2.1",
            "dev": true,
            "license": "MIT",
            "engines": {
                "node": ">= 6"
            }
        },
        "node_modules/concat-map": {
            "version": "0.0.1",
            "dev": true,
            "license": "MIT"
        },
        "node_modules/css-select": {
            "version": "3.1.2",
            "dev": true,
            "license": "BSD-2-Clause",
            "dependencies": {
                "boolbase": "^1.0.0",
                "css-what": "^4.0.0",
                "domhandler": "^4.0.0",
                "domutils": "^2.4.3",
                "nth-check": "^2.0.0"
            },
            "funding": {
                "url": "https://github.com/sponsors/fb55"
            }
        },
        "node_modules/css-what": {
            "version": "4.0.0",
            "dev": true,
            "license": "BSD-2-Clause",
            "engines": {
                "node": ">= 6"
            },
            "funding": {
                "url": "https://github.com/sponsors/fb55"
            }
        },
        "node_modules/denodeify": {
            "version": "1.2.1",
            "dev": true,
            "license": "MIT"
        },
        "node_modules/dom-serializer": {
            "version": "1.2.0",
            "dev": true,
            "license": "MIT",
            "dependencies": {
                "domelementtype": "^2.0.1",
                "domhandler": "^4.0.0",
                "entities": "^2.0.0"
            },
            "funding": {
                "url": "https://github.com/cheeriojs/dom-serializer?sponsor=1"
            }
        },
        "node_modules/domelementtype": {
            "version": "2.1.0",
            "dev": true,
            "funding": [
                {
                    "type": "github",
                    "url": "https://github.com/sponsors/fb55"
                }
            ],
            "license": "BSD-2-Clause"
        },
        "node_modules/domhandler": {
            "version": "4.0.0",
            "dev": true,
            "license": "BSD-2-Clause",
            "dependencies": {
                "domelementtype": "^2.1.0"
            },
            "engines": {
                "node": ">= 4"
            },
            "funding": {
                "url": "https://github.com/fb55/domhandler?sponsor=1"
            }
        },
        "node_modules/domutils": {
            "version": "2.5.0",
            "dev": true,
            "license": "BSD-2-Clause",
            "dependencies": {
                "dom-serializer": "^1.0.1",
                "domelementtype": "^2.0.1",
                "domhandler": "^4.0.0"
            },
            "funding": {
                "url": "https://github.com/fb55/domutils?sponsor=1"
            }
        },
        "node_modules/entities": {
            "version": "2.2.0",
            "dev": true,
            "license": "BSD-2-Clause",
            "funding": {
                "url": "https://github.com/fb55/entities?sponsor=1"
            }
        },
        "node_modules/escape-string-regexp": {
            "version": "1.0.5",
            "dev": true,
            "license": "MIT",
            "engines": {
                "node": ">=0.8.0"
            }
        },
        "node_modules/fd-slicer": {
            "version": "1.1.0",
            "dev": true,
            "license": "MIT",
            "dependencies": {
                "pend": "~1.2.0"
            }
        },
        "node_modules/fs.realpath": {
            "version": "1.0.0",
            "dev": true,
            "license": "ISC"
        },
        "node_modules/glob": {
            "version": "7.1.6",
            "dev": true,
            "license": "ISC",
            "dependencies": {
                "fs.realpath": "^1.0.0",
                "inflight": "^1.0.4",
                "inherits": "2",
                "minimatch": "^3.0.4",
                "once": "^1.3.0",
                "path-is-absolute": "^1.0.0"
            },
            "engines": {
                "node": "*"
            },
            "funding": {
                "url": "https://github.com/sponsors/isaacs"
            }
        },
        "node_modules/has-flag": {
            "version": "3.0.0",
            "dev": true,
            "license": "MIT",
            "engines": {
                "node": ">=4"
            }
        },
        "node_modules/htmlparser2": {
            "version": "6.0.1",
            "dev": true,
            "funding": [
                "https://github.com/fb55/htmlparser2?sponsor=1",
                {
                    "type": "github",
                    "url": "https://github.com/sponsors/fb55"
                }
            ],
            "license": "MIT",
            "dependencies": {
                "domelementtype": "^2.0.1",
                "domhandler": "^4.0.0",
                "domutils": "^2.4.4",
                "entities": "^2.0.0"
            }
        },
        "node_modules/inflight": {
            "version": "1.0.6",
            "dev": true,
            "license": "ISC",
            "dependencies": {
                "once": "^1.3.0",
                "wrappy": "1"
            }
        },
        "node_modules/inherits": {
            "version": "2.0.4",
            "dev": true,
            "license": "ISC"
        },
        "node_modules/leven": {
            "version": "3.1.0",
            "dev": true,
            "license": "MIT",
            "engines": {
                "node": ">=6"
            }
        },
        "node_modules/linkify-it": {
            "version": "2.2.0",
            "dev": true,
            "license": "MIT",
            "dependencies": {
                "uc.micro": "^1.0.1"
            }
        },
        "node_modules/lodash": {
            "version": "4.17.21",
            "dev": true,
            "license": "MIT"
        },
        "node_modules/markdown-it": {
            "version": "10.0.0",
            "dev": true,
            "license": "MIT",
            "dependencies": {
                "argparse": "^1.0.7",
                "entities": "~2.0.0",
                "linkify-it": "^2.0.0",
                "mdurl": "^1.0.1",
                "uc.micro": "^1.0.5"
            },
            "bin": {
                "markdown-it": "bin/markdown-it.js"
            }
        },
        "node_modules/markdown-it/node_modules/entities": {
            "version": "2.0.3",
            "dev": true,
            "license": "BSD-2-Clause"
        },
        "node_modules/mdurl": {
            "version": "1.0.1",
            "dev": true,
            "license": "MIT"
        },
        "node_modules/mime": {
            "version": "1.6.0",
            "dev": true,
            "license": "MIT",
            "bin": {
                "mime": "cli.js"
            },
            "engines": {
                "node": ">=4"
            }
        },
        "node_modules/minimatch": {
            "version": "3.0.4",
            "dev": true,
            "license": "ISC",
            "dependencies": {
                "brace-expansion": "^1.1.7"
            },
            "engines": {
                "node": "*"
            }
        },
        "node_modules/mute-stream": {
            "version": "0.0.8",
            "dev": true,
            "license": "ISC"
        },
        "node_modules/nth-check": {
            "version": "2.0.0",
            "dev": true,
            "license": "BSD-2-Clause",
            "dependencies": {
                "boolbase": "^1.0.0"
            },
            "funding": {
                "url": "https://github.com/fb55/nth-check?sponsor=1"
            }
        },
        "node_modules/once": {
            "version": "1.4.0",
            "dev": true,
            "license": "ISC",
            "dependencies": {
                "wrappy": "1"
            }
        },
        "node_modules/os": {
            "version": "0.1.1",
            "dev": true,
            "license": "MIT"
        },
        "node_modules/os-homedir": {
            "version": "1.0.2",
            "dev": true,
            "license": "MIT",
            "engines": {
                "node": ">=0.10.0"
            }
        },
        "node_modules/os-tmpdir": {
            "version": "1.0.2",
            "dev": true,
            "license": "MIT",
            "engines": {
                "node": ">=0.10.0"
            }
        },
        "node_modules/osenv": {
            "version": "0.1.5",
            "dev": true,
            "license": "ISC",
            "dependencies": {
                "os-homedir": "^1.0.0",
                "os-tmpdir": "^1.0.0"
            }
        },
        "node_modules/parse-semver": {
            "version": "1.1.1",
            "dev": true,
            "license": "MIT",
            "dependencies": {
                "semver": "^5.1.0"
            }
        },
        "node_modules/parse5": {
            "version": "6.0.1",
            "dev": true,
            "license": "MIT"
        },
        "node_modules/parse5-htmlparser2-tree-adapter": {
            "version": "6.0.1",
            "dev": true,
            "license": "MIT",
            "dependencies": {
                "parse5": "^6.0.1"
            }
        },
        "node_modules/path-is-absolute": {
            "version": "1.0.1",
            "dev": true,
            "license": "MIT",
            "engines": {
                "node": ">=0.10.0"
            }
        },
        "node_modules/pend": {
            "version": "1.2.0",
            "dev": true,
            "license": "MIT"
        },
        "node_modules/read": {
            "version": "1.0.7",
            "dev": true,
            "license": "ISC",
            "dependencies": {
                "mute-stream": "~0.0.4"
            },
            "engines": {
                "node": ">=0.8"
            }
        },
        "node_modules/semver": {
            "version": "5.7.1",
            "dev": true,
            "license": "ISC",
            "bin": {
                "semver": "bin/semver"
            }
        },
        "node_modules/sprintf-js": {
            "version": "1.0.3",
            "dev": true,
            "license": "BSD-3-Clause"
        },
        "node_modules/supports-color": {
            "version": "5.5.0",
            "dev": true,
            "license": "MIT",
            "dependencies": {
                "has-flag": "^3.0.0"
            },
            "engines": {
                "node": ">=4"
            }
        },
        "node_modules/tmp": {
            "version": "0.0.29",
            "dev": true,
            "license": "MIT",
            "dependencies": {
                "os-tmpdir": "~1.0.1"
            },
            "engines": {
                "node": ">=0.4.0"
            }
        },
        "node_modules/tunnel": {
            "version": "0.0.4",
            "dev": true,
            "license": "MIT",
            "engines": {
                "node": ">=0.6.11 <=0.7.0 || >=0.7.3"
            }
        },
        "node_modules/typed-rest-client": {
            "version": "1.2.0",
            "dev": true,
            "license": "MIT",
            "dependencies": {
                "tunnel": "0.0.4",
                "underscore": "1.8.3"
            }
        },
        "node_modules/uc.micro": {
            "version": "1.0.6",
            "dev": true,
            "license": "MIT"
        },
        "node_modules/underscore": {
            "version": "1.8.3",
            "dev": true,
            "license": "MIT"
        },
        "node_modules/url-join": {
            "version": "1.1.0",
            "dev": true,
            "license": "MIT"
        },
        "node_modules/vsce": {
            "version": "1.87.0",
            "dev": true,
            "license": "MIT",
            "dependencies": {
                "azure-devops-node-api": "^7.2.0",
                "chalk": "^2.4.2",
                "cheerio": "^1.0.0-rc.1",
                "commander": "^6.1.0",
                "denodeify": "^1.2.1",
                "glob": "^7.0.6",
                "leven": "^3.1.0",
                "lodash": "^4.17.15",
                "markdown-it": "^10.0.0",
                "mime": "^1.3.4",
                "minimatch": "^3.0.3",
                "osenv": "^0.1.3",
                "parse-semver": "^1.1.1",
                "read": "^1.0.7",
                "semver": "^5.1.0",
                "tmp": "0.0.29",
                "typed-rest-client": "1.2.0",
                "url-join": "^1.1.0",
                "yauzl": "^2.3.1",
                "yazl": "^2.2.2"
            },
            "bin": {
                "vsce": "out/vsce"
            },
            "engines": {
                "node": ">= 10"
            }
        },
        "node_modules/wrappy": {
            "version": "1.0.2",
            "dev": true,
            "license": "ISC"
        },
        "node_modules/yauzl": {
            "version": "2.10.0",
            "dev": true,
            "license": "MIT",
            "dependencies": {
                "buffer-crc32": "~0.2.3",
                "fd-slicer": "~1.1.0"
            }
        },
        "node_modules/yazl": {
            "version": "2.5.1",
            "dev": true,
            "license": "MIT",
            "dependencies": {
                "buffer-crc32": "~0.2.3"
            }
        }
    },
    "dependencies": {
        "ansi-styles": {
            "version": "3.2.1",
            "dev": true,
            "requires": {
                "color-convert": "^1.9.0"
            }
        },
        "argparse": {
            "version": "1.0.10",
            "dev": true,
            "requires": {
                "sprintf-js": "~1.0.2"
            }
        },
        "azure-devops-node-api": {
            "version": "7.2.0",
            "dev": true,
            "requires": {
                "os": "0.1.1",
                "tunnel": "0.0.4",
                "typed-rest-client": "1.2.0",
                "underscore": "1.8.3"
            }
        },
        "balanced-match": {
            "version": "1.0.0",
            "dev": true
        },
        "boolbase": {
            "version": "1.0.0",
            "dev": true
        },
        "brace-expansion": {
            "version": "1.1.11",
            "dev": true,
            "requires": {
                "balanced-match": "^1.0.0",
                "concat-map": "0.0.1"
            }
        },
        "buffer-crc32": {
            "version": "0.2.13",
            "dev": true
        },
        "chalk": {
            "version": "2.4.2",
            "dev": true,
            "requires": {
                "ansi-styles": "^3.2.1",
                "escape-string-regexp": "^1.0.5",
                "supports-color": "^5.3.0"
            }
        },
        "cheerio": {
            "version": "1.0.0-rc.5",
            "dev": true,
            "requires": {
                "cheerio-select-tmp": "^0.1.0",
                "dom-serializer": "~1.2.0",
                "domhandler": "^4.0.0",
                "entities": "~2.1.0",
                "htmlparser2": "^6.0.0",
                "parse5": "^6.0.0",
                "parse5-htmlparser2-tree-adapter": "^6.0.0"
            },
            "dependencies": {
                "entities": {
                    "version": "2.1.0",
                    "dev": true
                }
            }
        },
        "cheerio-select-tmp": {
            "version": "0.1.1",
            "dev": true,
            "requires": {
                "css-select": "^3.1.2",
                "css-what": "^4.0.0",
                "domelementtype": "^2.1.0",
                "domhandler": "^4.0.0",
                "domutils": "^2.4.4"
            }
        },
        "color-convert": {
            "version": "1.9.3",
            "dev": true,
            "requires": {
                "color-name": "1.1.3"
            }
        },
        "color-name": {
            "version": "1.1.3",
            "dev": true
        },
        "commander": {
            "version": "6.2.1",
            "dev": true
        },
        "concat-map": {
            "version": "0.0.1",
            "dev": true
        },
        "css-select": {
            "version": "3.1.2",
            "dev": true,
            "requires": {
                "boolbase": "^1.0.0",
                "css-what": "^4.0.0",
                "domhandler": "^4.0.0",
                "domutils": "^2.4.3",
                "nth-check": "^2.0.0"
            }
        },
        "css-what": {
            "version": "4.0.0",
            "dev": true
        },
        "denodeify": {
            "version": "1.2.1",
            "dev": true
        },
        "dom-serializer": {
            "version": "1.2.0",
            "dev": true,
            "requires": {
                "domelementtype": "^2.0.1",
                "domhandler": "^4.0.0",
                "entities": "^2.0.0"
            }
        },
        "domelementtype": {
            "version": "2.1.0",
            "dev": true
        },
        "domhandler": {
            "version": "4.0.0",
            "dev": true,
            "requires": {
                "domelementtype": "^2.1.0"
            }
        },
        "domutils": {
            "version": "2.5.0",
            "dev": true,
            "requires": {
                "dom-serializer": "^1.0.1",
                "domelementtype": "^2.0.1",
                "domhandler": "^4.0.0"
            }
        },
        "entities": {
            "version": "2.2.0",
            "dev": true
        },
        "escape-string-regexp": {
            "version": "1.0.5",
            "dev": true
        },
        "fd-slicer": {
            "version": "1.1.0",
            "dev": true,
            "requires": {
                "pend": "~1.2.0"
            }
        },
        "fs.realpath": {
            "version": "1.0.0",
            "dev": true
        },
        "glob": {
            "version": "7.1.6",
            "dev": true,
            "requires": {
                "fs.realpath": "^1.0.0",
                "inflight": "^1.0.4",
                "inherits": "2",
                "minimatch": "^3.0.4",
                "once": "^1.3.0",
                "path-is-absolute": "^1.0.0"
            }
        },
        "has-flag": {
            "version": "3.0.0",
            "dev": true
        },
        "htmlparser2": {
            "version": "6.0.1",
            "dev": true,
            "requires": {
                "domelementtype": "^2.0.1",
                "domhandler": "^4.0.0",
                "domutils": "^2.4.4",
                "entities": "^2.0.0"
            }
        },
        "inflight": {
            "version": "1.0.6",
            "dev": true,
            "requires": {
                "once": "^1.3.0",
                "wrappy": "1"
            }
        },
        "inherits": {
            "version": "2.0.4",
            "dev": true
        },
        "leven": {
            "version": "3.1.0",
            "dev": true
        },
        "linkify-it": {
            "version": "2.2.0",
            "dev": true,
            "requires": {
                "uc.micro": "^1.0.1"
            }
        },
        "lodash": {
            "version": "4.17.21",
            "dev": true
        },
        "markdown-it": {
            "version": "10.0.0",
            "dev": true,
            "requires": {
                "argparse": "^1.0.7",
                "entities": "~2.0.0",
                "linkify-it": "^2.0.0",
                "mdurl": "^1.0.1",
                "uc.micro": "^1.0.5"
            },
            "dependencies": {
                "entities": {
                    "version": "2.0.3",
                    "dev": true
                }
            }
        },
        "mdurl": {
            "version": "1.0.1",
            "dev": true
        },
        "mime": {
            "version": "1.6.0",
            "dev": true
        },
        "minimatch": {
            "version": "3.0.4",
            "dev": true,
            "requires": {
                "brace-expansion": "^1.1.7"
            }
        },
        "mute-stream": {
            "version": "0.0.8",
            "dev": true
        },
        "nth-check": {
            "version": "2.0.0",
            "dev": true,
            "requires": {
                "boolbase": "^1.0.0"
            }
        },
        "once": {
            "version": "1.4.0",
            "dev": true,
            "requires": {
                "wrappy": "1"
            }
        },
        "os": {
            "version": "0.1.1",
            "dev": true
        },
        "os-homedir": {
            "version": "1.0.2",
            "dev": true
        },
        "os-tmpdir": {
            "version": "1.0.2",
            "dev": true
        },
        "osenv": {
            "version": "0.1.5",
            "dev": true,
            "requires": {
                "os-homedir": "^1.0.0",
                "os-tmpdir": "^1.0.0"
            }
        },
        "parse-semver": {
            "version": "1.1.1",
            "dev": true,
            "requires": {
                "semver": "^5.1.0"
            }
        },
        "parse5": {
            "version": "6.0.1",
            "dev": true
        },
        "parse5-htmlparser2-tree-adapter": {
            "version": "6.0.1",
            "dev": true,
            "requires": {
                "parse5": "^6.0.1"
            }
        },
        "path-is-absolute": {
            "version": "1.0.1",
            "dev": true
        },
        "pend": {
            "version": "1.2.0",
            "dev": true
        },
        "read": {
            "version": "1.0.7",
            "dev": true,
            "requires": {
                "mute-stream": "~0.0.4"
            }
        },
        "semver": {
            "version": "5.7.1",
            "dev": true
        },
        "sprintf-js": {
            "version": "1.0.3",
            "dev": true
        },
        "supports-color": {
            "version": "5.5.0",
            "dev": true,
            "requires": {
                "has-flag": "^3.0.0"
            }
        },
        "tmp": {
            "version": "0.0.29",
            "dev": true,
            "requires": {
                "os-tmpdir": "~1.0.1"
            }
        },
        "tunnel": {
            "version": "0.0.4",
            "dev": true
        },
        "typed-rest-client": {
            "version": "1.2.0",
            "dev": true,
            "requires": {
                "tunnel": "0.0.4",
                "underscore": "1.8.3"
            }
        },
        "uc.micro": {
            "version": "1.0.6",
            "dev": true
        },
        "underscore": {
            "version": "1.8.3",
            "dev": true
        },
        "url-join": {
            "version": "1.1.0",
            "dev": true
        },
        "vsce": {
            "version": "1.87.0",
            "dev": true,
            "requires": {
                "azure-devops-node-api": "^7.2.0",
                "chalk": "^2.4.2",
                "cheerio": "^1.0.0-rc.1",
                "commander": "^6.1.0",
                "denodeify": "^1.2.1",
                "glob": "^7.0.6",
                "leven": "^3.1.0",
                "lodash": "^4.17.15",
                "markdown-it": "^10.0.0",
                "mime": "^1.3.4",
                "minimatch": "^3.0.3",
                "osenv": "^0.1.3",
                "parse-semver": "^1.1.1",
                "read": "^1.0.7",
                "semver": "^5.1.0",
                "tmp": "0.0.29",
                "typed-rest-client": "1.2.0",
                "url-join": "^1.1.0",
                "yauzl": "^2.3.1",
                "yazl": "^2.2.2"
            }
        },
        "wrappy": {
            "version": "1.0.2",
            "dev": true
        },
        "yauzl": {
            "version": "2.10.0",
            "dev": true,
            "requires": {
                "buffer-crc32": "~0.2.3",
                "fd-slicer": "~1.1.0"
            }
        },
        "yazl": {
            "version": "2.5.1",
            "dev": true,
            "requires": {
                "buffer-crc32": "~0.2.3"
            }
        }
    }
}
